{
    "name": "@benjamindehli/dehli-musikk-logic-pro-scripts",
    "version": "1.0.1",
    "lockfileVersion": 3,
    "requires": true,
    "packages": {
        "": {
            "name": "@benjamindehli/dehli-musikk-logic-pro-scripts",
            "version": "1.0.1",
            "license": "GPL-3.0",
            "devDependencies": {
                "@benjamindehli/logic-pro-script-compiler": "^1.0.7"
            }
        },
        "node_modules/@benjamindehli/logic-pro-script-compiler": {
            "version": "1.1.1",
            "resolved": "https://registry.npmjs.org/@benjamindehli/logic-pro-script-compiler/-/logic-pro-script-compiler-1.1.1.tgz",
            "integrity": "sha512-ALBrRdHR2dmO7Rr8idEgU7ihkuMfnTDbNe6Mu+VQ4nwh5Z5Og2f/17t+YXam79V4emA86ftVWNQRJ7/6LKfHyQ==",
            "dev": true,
            "license": "GPL-3.0",
            "bin": {
                "logic-pro-script-compiler": "dist/compile.js"
            },
            "engines": {
                "node": ">=16.0.0"
            }
        }
    }
}
