{
    "name": "@benjamindehli/dehli-musikk-logic-pro-scripts",
    "version": "1.1.0",
    "lockfileVersion": 3,
    "requires": true,
    "packages": {
        "": {
            "name": "@benjamindehli/dehli-musikk-logic-pro-scripts",
            "version": "1.1.0",
            "license": "GPL-3.0",
            "dependencies": {
                "@benjamindehli/logic-pro-scripter-utils": "^1.0.0"
            },
            "devDependencies": {
                "@benjamindehli/logic-pro-script-compiler": "^1.0.7",
                "typescript": "^6.0.3"
            }
        },
        "node_modules/@benjamindehli/logic-pro-script-compiler": {
            "version": "1.1.1",
            "resolved": "https://registry.npmjs.org/@benjamindehli/logic-pro-script-compiler/-/logic-pro-script-compiler-1.1.1.tgz",
            "integrity": "sha512-ALBrRdHR2dmO7Rr8idEgU7ihkuMfnTDbNe6Mu+VQ4nwh5Z5Og2f/17t+YXam79V4emA86ftVWNQRJ7/6LKfHyQ==",
            "dev": true,
            "license": "GPL-3.0",
            "bin": {
                "logic-pro-script-compiler": "dist/compile.js"
            },
            "engines": {
                "node": ">=16.0.0"
            }
        },
        "node_modules/@benjamindehli/logic-pro-scripter-utils": {
            "version": "1.0.0",
            "resolved": "https://registry.npmjs.org/@benjamindehli/logic-pro-scripter-utils/-/logic-pro-scripter-utils-1.0.0.tgz",
            "integrity": "sha512-CKSqkm73rieq7kkWKQBZ1KNWZl7e4N5/nPyeTmPbCPH4yfwHSFQZUhYO2y+Sw3eM7Cu7BkeIcoFLqkAxBhITWA==",
            "license": "GPL-3.0",
            "engines": {
                "node": ">=16.0.0"
            }
        },
        "node_modules/typescript": {
            "version": "6.0.3",
            "resolved": "https://registry.npmjs.org/typescript/-/typescript-6.0.3.tgz",
            "integrity": "sha512-y2TvuxSZPDyQakkFRPZHKFm+KKVqIisdg9/CZwm9ftvKXLP8NRWj38/ODjNbr43SsoXqNuAisEf1GdCxqWcdBw==",
            "dev": true,
            "license": "Apache-2.0",
            "bin": {
                "tsc": "bin/tsc",
                "tsserver": "bin/tsserver"
            },
            "engines": {
                "node": ">=14.17"
            }
        }
    }
}
